
Microsoft Visual Studio Solution File, Format Version 12.00
# Visual Studio Version 17
VisualStudioVersion = 17.14.36109.1
MinimumVisualStudioVersion = 10.0.40219.1
Project("{FAE04EC0-301F-11D3-BF4B-00C04F79EFBC}") = "Fixit.API", "Fixit\Fixit.API.csproj", "{8DB68533-E749-4468-A6BE-7821567FFCE4}"
EndProject
Global
	GlobalSection(SolutionConfigurationPlatforms) = preSolution
		Debug|Any CPU = Debug|Any CPU
		Release|Any CPU = Release|Any CPU
	EndGlobalSection
	GlobalSection(ProjectConfigurationPlatforms) = postSolution
		{8DB68533-E749-4468-A6BE-7821567FFCE4}.Debug|Any CPU.ActiveCfg = Debug|Any CPU
		{8DB68533-E749-4468-A6BE-7821567FFCE4}.Debug|Any CPU.Build.0 = Debug|Any CPU
		{8DB68533-E749-4468-A6BE-7821567FFCE4}.Release|Any CPU.ActiveCfg = Release|Any CPU
		{8DB68533-E749-4468-A6BE-7821567FFCE4}.Release|Any CPU.Build.0 = Release|Any CPU
	EndGlobalSection
	GlobalSection(SolutionProperties) = preSolution
		HideSolutionNode = FALSE
	EndGlobalSection
	GlobalSection(ExtensibilityGlobals) = postSolution
		SolutionGuid = {6445EA6D-BA28-4FA0-9026-B195DE49B8E8}
	EndGlobalSection
EndGlobal
